
Microsoft Visual Studio Solution File, Format Version 12.00
# Visual Studio Version 17
VisualStudioVersion = 17.5.33414.496
MinimumVisualStudioVersion = 10.0.40219.1
Project("{FAE04EC0-301F-11D3-BF4B-00C04F79EFBC}") = "Lista 10 - Nuty", "Lista 10 - Nuty.csproj", "{0D2E328D-3F32-4D28-A1DA-E22C0FAF5FD7}"
EndProject
Global
	GlobalSection(SolutionConfigurationPlatforms) = preSolution
		Debug|Any CPU = Debug|Any CPU
		Release|Any CPU = Release|Any CPU
	EndGlobalSection
	GlobalSection(ProjectConfigurationPlatforms) = postSolution
		{0D2E328D-3F32-4D28-A1DA-E22C0FAF5FD7}.Debug|Any CPU.ActiveCfg = Debug|Any CPU
		{0D2E328D-3F32-4D28-A1DA-E22C0FAF5FD7}.Debug|Any CPU.Build.0 = Debug|Any CPU
		{0D2E328D-3F32-4D28-A1DA-E22C0FAF5FD7}.Release|Any CPU.ActiveCfg = Release|Any CPU
		{0D2E328D-3F32-4D28-A1DA-E22C0FAF5FD7}.Release|Any CPU.Build.0 = Release|Any CPU
	EndGlobalSection
	GlobalSection(SolutionProperties) = preSolution
		HideSolutionNode = FALSE
	EndGlobalSection
	GlobalSection(ExtensibilityGlobals) = postSolution
		SolutionGuid = {B9E810E2-9038-401F-B59A-70786277185A}
	EndGlobalSection
EndGlobal
